
Microsoft Visual Studio Solution File, Format Version 12.00
# Visual Studio Version 17
VisualStudioVersion = 17.0.31903.59
MinimumVisualStudioVersion = 10.0.40219.1
Project("{2150E333-8FDC-42A3-9474-1A3956D46DE8}") = "src", "src", "{52011B60-AE99-474E-AFC6-506364F88C8C}"
EndProject
Project("{9A19103F-16F7-4668-BE54-9A1E7A4F7556}") = "BakWeb", "src\BakWeb.UI\BakWeb.csproj", "{324DAED5-FD68-42E0-B00A-2C68354B5E20}"
EndProject
Project("{9A19103F-16F7-4668-BE54-9A1E7A4F7556}") = "BakWeb.Models", "src\BakWeb.Models\BakWeb.Models.csproj", "{DD455F74-4BCF-4970-ADA9-718623E3E3D1}"
EndProject
Project("{9A19103F-16F7-4668-BE54-9A1E7A4F7556}") = "BakWeb.Core", "src\BakWeb.Core\BakWeb.Core.csproj", "{934B0FB5-97B4-4C8F-820A-2661E9CE2C08}"
EndProject
Project("{FAE04EC0-301F-11D3-BF4B-00C04F79EFBC}") = "BakWeb.Reservation", "src\BakWeb.Reservation\BakWeb.Reservation.csproj", "{2E90E22C-481F-4836-904F-655D47C37DF4}"
EndProject
Global
	GlobalSection(SolutionConfigurationPlatforms) = preSolution
		Debug|Any CPU = Debug|Any CPU
		Release|Any CPU = Release|Any CPU
	EndGlobalSection
	GlobalSection(ProjectConfigurationPlatforms) = postSolution
		{324DAED5-FD68-42E0-B00A-2C68354B5E20}.Debug|Any CPU.ActiveCfg = Debug|Any CPU
		{324DAED5-FD68-42E0-B00A-2C68354B5E20}.Debug|Any CPU.Build.0 = Debug|Any CPU
		{324DAED5-FD68-42E0-B00A-2C68354B5E20}.Release|Any CPU.ActiveCfg = Release|Any CPU
		{324DAED5-FD68-42E0-B00A-2C68354B5E20}.Release|Any CPU.Build.0 = Release|Any CPU
		{DD455F74-4BCF-4970-ADA9-718623E3E3D1}.Debug|Any CPU.ActiveCfg = Debug|Any CPU
		{DD455F74-4BCF-4970-ADA9-718623E3E3D1}.Debug|Any CPU.Build.0 = Debug|Any CPU
		{DD455F74-4BCF-4970-ADA9-718623E3E3D1}.Release|Any CPU.ActiveCfg = Release|Any CPU
		{DD455F74-4BCF-4970-ADA9-718623E3E3D1}.Release|Any CPU.Build.0 = Release|Any CPU
		{934B0FB5-97B4-4C8F-820A-2661E9CE2C08}.Debug|Any CPU.ActiveCfg = Debug|Any CPU
		{934B0FB5-97B4-4C8F-820A-2661E9CE2C08}.Debug|Any CPU.Build.0 = Debug|Any CPU
		{934B0FB5-97B4-4C8F-820A-2661E9CE2C08}.Release|Any CPU.ActiveCfg = Release|Any CPU
		{934B0FB5-97B4-4C8F-820A-2661E9CE2C08}.Release|Any CPU.Build.0 = Release|Any CPU
		{2E90E22C-481F-4836-904F-655D47C37DF4}.Debug|Any CPU.ActiveCfg = Debug|Any CPU
		{2E90E22C-481F-4836-904F-655D47C37DF4}.Debug|Any CPU.Build.0 = Debug|Any CPU
		{2E90E22C-481F-4836-904F-655D47C37DF4}.Release|Any CPU.ActiveCfg = Release|Any CPU
		{2E90E22C-481F-4836-904F-655D47C37DF4}.Release|Any CPU.Build.0 = Release|Any CPU
	EndGlobalSection
	GlobalSection(SolutionProperties) = preSolution
		HideSolutionNode = FALSE
	EndGlobalSection
	GlobalSection(NestedProjects) = preSolution
		{324DAED5-FD68-42E0-B00A-2C68354B5E20} = {52011B60-AE99-474E-AFC6-506364F88C8C}
		{DD455F74-4BCF-4970-ADA9-718623E3E3D1} = {52011B60-AE99-474E-AFC6-506364F88C8C}
		{934B0FB5-97B4-4C8F-820A-2661E9CE2C08} = {52011B60-AE99-474E-AFC6-506364F88C8C}
		{2E90E22C-481F-4836-904F-655D47C37DF4} = {52011B60-AE99-474E-AFC6-506364F88C8C}
	EndGlobalSection
	GlobalSection(ExtensibilityGlobals) = postSolution
		SolutionGuid = {ECC94153-6842-4FC4-A200-5C3D47C3757B}
	EndGlobalSection
EndGlobal
